dependencies:
- name: postgresql
  repository: https://charts.bitnami.com/bitnami
  version: 16.7.14
- name: redis
  repository: https://charts.bitnami.com/bitnami
  version: 21.2.6
- name: pgbouncer
  repository: https://icoretech.github.io/helm
  version: 3.0.1
digest: sha256:0b2411d9bb048a9588cef919125e22885bc2456151cec9aab9d70b6e0a1bf819
generated: "2025-10-08T20:42:49.495455512Z"
