dependencies:
- name: postgresql
  repository: https://charts.bitnami.com/bitnami
  version: 16.7.14
- name: redis
  repository: https://charts.bitnami.com/bitnami
  version: 21.2.6
digest: sha256:2ad8b4e6d0926d320113099327733dbaa3cf3ad44af8e5a8c6c637d03b795c05
generated: "2025-07-17T14:40:32.372633-07:00"
